
Microsoft Visual Studio Solution File, Format Version 12.00
# Visual Studio Version 17
VisualStudioVersion = 17.7.34003.232
MinimumVisualStudioVersion = 10.0.40219.1
Project("{FAE04EC0-301F-11D3-BF4B-00C04F79EFBC}") = "api_template", "api_template.csproj", "{829A1FDD-E56C-4F45-AC95-CD3253C9F200}"
EndProject
Project("{FAE04EC0-301F-11D3-BF4B-00C04F79EFBC}") = "api_template.tests", "..\api_template.tests\api_template.tests.csproj", "{AC5E737F-2872-47B2-8D16-82EDDFC51324}"
EndProject
Global
	GlobalSection(SolutionConfigurationPlatforms) = preSolution
		Debug|Any CPU = Debug|Any CPU
		Release|Any CPU = Release|Any CPU
	EndGlobalSection
	GlobalSection(ProjectConfigurationPlatforms) = postSolution
		{829A1FDD-E56C-4F45-AC95-CD3253C9F200}.Debug|Any CPU.ActiveCfg = Debug|Any CPU
		{829A1FDD-E56C-4F45-AC95-CD3253C9F200}.Debug|Any CPU.Build.0 = Debug|Any CPU
		{829A1FDD-E56C-4F45-AC95-CD3253C9F200}.Release|Any CPU.ActiveCfg = Release|Any CPU
		{829A1FDD-E56C-4F45-AC95-CD3253C9F200}.Release|Any CPU.Build.0 = Release|Any CPU
		{AC5E737F-2872-47B2-8D16-82EDDFC51324}.Debug|Any CPU.ActiveCfg = Debug|Any CPU
		{AC5E737F-2872-47B2-8D16-82EDDFC51324}.Debug|Any CPU.Build.0 = Debug|Any CPU
		{AC5E737F-2872-47B2-8D16-82EDDFC51324}.Release|Any CPU.ActiveCfg = Release|Any CPU
		{AC5E737F-2872-47B2-8D16-82EDDFC51324}.Release|Any CPU.Build.0 = Release|Any CPU
	EndGlobalSection
	GlobalSection(SolutionProperties) = preSolution
		HideSolutionNode = FALSE
	EndGlobalSection
	GlobalSection(ExtensibilityGlobals) = postSolution
		SolutionGuid = {8817D6D6-A340-4DFE-9AB8-318E42D80416}
	EndGlobalSection
EndGlobal
